
Microsoft Visual Studio Solution File, Format Version 12.00
# Visual Studio 14
VisualStudioVersion = 14.0.25420.1
MinimumVisualStudioVersion = 10.0.40219.1
Project("{FAE04EC0-301F-11D3-BF4B-00C04F79EFBC}") = "PaperMID", "PaperMID\PaperMID.csproj", "{7682835C-2705-414A-81C3-550EA7B6173C}"
EndProject
Global
	GlobalSection(SolutionConfigurationPlatforms) = preSolution
		Debug|Any CPU = Debug|Any CPU
		Release|Any CPU = Release|Any CPU
	EndGlobalSection
	GlobalSection(ProjectConfigurationPlatforms) = postSolution
		{7682835C-2705-414A-81C3-550EA7B6173C}.Debug|Any CPU.ActiveCfg = Debug|Any CPU
		{7682835C-2705-414A-81C3-550EA7B6173C}.Debug|Any CPU.Build.0 = Debug|Any CPU
		{7682835C-2705-414A-81C3-550EA7B6173C}.Release|Any CPU.ActiveCfg = Release|Any CPU
		{7682835C-2705-414A-81C3-550EA7B6173C}.Release|Any CPU.Build.0 = Release|Any CPU
	EndGlobalSection
	GlobalSection(SolutionProperties) = preSolution
		HideSolutionNode = FALSE
	EndGlobalSection
EndGlobal
